
Microsoft Visual Studio Solution File, Format Version 12.00
# Visual Studio Version 17
VisualStudioVersion = 17.8.34408.163
MinimumVisualStudioVersion = 10.0.40219.1
Project("{FAE04EC0-301F-11D3-BF4B-00C04F79EFBC}") = "ConsoleApp3", "ConsoleApp3\ConsoleApp3.csproj", "{CD3A674A-D013-490C-AB13-771085E6E73F}"
EndProject
Project("{FAE04EC0-301F-11D3-BF4B-00C04F79EFBC}") = "ConsoleApp4", "ConsoleApp4\ConsoleApp4.csproj", "{15165021-F57A-4D44-956F-8C8353BFA5BA}"
EndProject
Global
	GlobalSection(SolutionConfigurationPlatforms) = preSolution
		Debug|Any CPU = Debug|Any CPU
		Release|Any CPU = Release|Any CPU
	EndGlobalSection
	GlobalSection(ProjectConfigurationPlatforms) = postSolution
		{CD3A674A-D013-490C-AB13-771085E6E73F}.Debug|Any CPU.ActiveCfg = Debug|Any CPU
		{CD3A674A-D013-490C-AB13-771085E6E73F}.Debug|Any CPU.Build.0 = Debug|Any CPU
		{CD3A674A-D013-490C-AB13-771085E6E73F}.Release|Any CPU.ActiveCfg = Release|Any CPU
		{CD3A674A-D013-490C-AB13-771085E6E73F}.Release|Any CPU.Build.0 = Release|Any CPU
		{15165021-F57A-4D44-956F-8C8353BFA5BA}.Debug|Any CPU.ActiveCfg = Debug|Any CPU
		{15165021-F57A-4D44-956F-8C8353BFA5BA}.Debug|Any CPU.Build.0 = Debug|Any CPU
		{15165021-F57A-4D44-956F-8C8353BFA5BA}.Release|Any CPU.ActiveCfg = Release|Any CPU
		{15165021-F57A-4D44-956F-8C8353BFA5BA}.Release|Any CPU.Build.0 = Release|Any CPU
	EndGlobalSection
	GlobalSection(SolutionProperties) = preSolution
		HideSolutionNode = FALSE
	EndGlobalSection
	GlobalSection(ExtensibilityGlobals) = postSolution
		SolutionGuid = {D3582B3B-B729-484D-967D-E37CA013091E}
	EndGlobalSection
EndGlobal
